{
  "name": "flowgraph-ai",
  "version": "0.1.0",
  "lockfileVersion": 3,
  "requires": true,
  "packages": {
    "": {
      "name": "flowgraph-ai",
      "version": "0.1.0",
      "license": "MIT",
      "dependencies": {
        "flowgraph-ai": "^0.1.0"
      },
      "bin": {
        "flowgraph-ai": "bin/flowgraph.mjs"
      },
      "engines": {
        "node": ">=18"
      }
    },
    "node_modules/flowgraph-ai": {
      "version": "0.1.0",
      "resolved": "https://registry.npmjs.org/flowgraph-ai/-/flowgraph-ai-0.1.0.tgz",
      "integrity": "sha512-bmkbS1zeX5t7q/kwjx0PadG4NtFCUF41vn0W/XheZcli71TAu/P7qdyxR7XN7C9ZNzKEtr1R4U51l+QHP2+23A==",
      "license": "MIT",
      "bin": {
        "flowgraph-ai": "bin/flowgraph.mjs"
      },
      "engines": {
        "node": ">=18"
      }
    }
  }
}
